// !$*UTF8*$!
{
	archiveVersion = 1;
	classes = {
	};
	objectVersion = 51;
	objects = {

/* Begin PBXBuildFile section */
		184C448826382AD100F6C4A6 /* Spring setups manager.swift in Sources */ = {isa = PBXBuildFile; fileRef = 184C448726382AD100F6C4A6 /* Spring setups manager.swift */; };
		1859795226374D1A00BE2AE6 /* AppDelegate.swift in Sources */ = {isa = PBXBuildFile; fileRef = 1859795126374D1A00BE2AE6 /* AppDelegate.swift */; };
		1859795426374D1A00BE2AE6 /* SceneDelegate.swift in Sources */ = {isa = PBXBuildFile; fileRef = 1859795326374D1A00BE2AE6 /* SceneDelegate.swift */; };
		1859795626374D1A00BE2AE6 /* MainViewController.swift in Sources */ = {isa = PBXBuildFile; fileRef = 1859795526374D1A00BE2AE6 /* MainViewController.swift */; };
		1859795926374D1A00BE2AE6 /* Main.storyboard in Resources */ = {isa = PBXBuildFile; fileRef = 1859795726374D1A00BE2AE6 /* Main.storyboard */; };
		1859795B26374D1B00BE2AE6 /* Assets.xcassets in Resources */ = {isa = PBXBuildFile; fileRef = 1859795A26374D1B00BE2AE6 /* Assets.xcassets */; };
		1859795E26374D1B00BE2AE6 /* LaunchScreen.storyboard in Resources */ = {isa = PBXBuildFile; fileRef = 1859795C26374D1B00BE2AE6 /* LaunchScreen.storyboard */; };
		18597978263768BC00BE2AE6 /* ViewSetups.swift in Sources */ = {isa = PBXBuildFile; fileRef = 18597977263768BC00BE2AE6 /* ViewSetups.swift */; };
		339FB5CC319AAA4E50D02F4E /* Pods_FirstCupOfCocoa.framework in Frameworks */ = {isa = PBXBuildFile; fileRef = 8074BDC96A645858A6564660 /* Pods_FirstCupOfCocoa.framework */; };
/* End PBXBuildFile section */

/* Begin PBXFileReference section */
		184C448726382AD100F6C4A6 /* Spring setups manager.swift */ = {isa = PBXFileReference; lastKnownFileType = sourcecode.swift; path = "Spring setups manager.swift"; sourceTree = "<group>"; };
		1859794E26374D1A00BE2AE6 /* FirstCupOfCocoa.app */ = {isa = PBXFileReference; explicitFileType = wrapper.application; includeInIndex = 0; path = FirstCupOfCocoa.app; sourceTree = BUILT_PRODUCTS_DIR; };
		1859795126374D1A00BE2AE6 /* AppDelegate.swift */ = {isa = PBXFileReference; lastKnownFileType = sourcecode.swift; path = AppDelegate.swift; sourceTree = "<group>"; };
		1859795326374D1A00BE2AE6 /* SceneDelegate.swift */ = {isa = PBXFileReference; lastKnownFileType = sourcecode.swift; path = SceneDelegate.swift; sourceTree = "<group>"; };
		1859795526374D1A00BE2AE6 /* MainViewController.swift */ = {isa = PBXFileReference; lastKnownFileType = sourcecode.swift; path = MainViewController.swift; sourceTree = "<group>"; };
		1859795826374D1A00BE2AE6 /* Base */ = {isa = PBXFileReference; lastKnownFileType = file.storyboard; name = Base; path = Base.lproj/Main.storyboard; sourceTree = "<group>"; };
		1859795A26374D1B00BE2AE6 /* Assets.xcassets */ = {isa = PBXFileReference; lastKnownFileType = folder.assetcatalog; path = Assets.xcassets; sourceTree = "<group>"; };
		1859795D26374D1B00BE2AE6 /* Base */ = {isa = PBXFileReference; lastKnownFileType = file.storyboard; name = Base; path = Base.lproj/LaunchScreen.storyboard; sourceTree = "<group>"; };
		1859795F26374D1B00BE2AE6 /* Info.plist */ = {isa = PBXFileReference; lastKnownFileType = text.plist.xml; path = Info.plist; sourceTree = "<group>"; };
		18597977263768BC00BE2AE6 /* ViewSetups.swift */ = {isa = PBXFileReference; lastKnownFileType = sourcecode.swift; path = ViewSetups.swift; sourceTree = "<group>"; };
		2A4A64C84EE5ED0759C55119 /* Pods-FirstCupOfCocoa.release.xcconfig */ = {isa = PBXFileReference; includeInIndex = 1; lastKnownFileType = text.xcconfig; name = "Pods-FirstCupOfCocoa.release.xcconfig"; path = "Target Support Files/Pods-FirstCupOfCocoa/Pods-FirstCupOfCocoa.release.xcconfig"; sourceTree = "<group>"; };
		33C25AFC68AC61EA03B2EE45 /* Pods-FirstCupOfCocoa.debug.xcconfig */ = {isa = PBXFileReference; includeInIndex = 1; lastKnownFileType = text.xcconfig; name = "Pods-FirstCupOfCocoa.debug.xcconfig"; path = "Target Support Files/Pods-FirstCupOfCocoa/Pods-FirstCupOfCocoa.debug.xcconfig"; sourceTree = "<group>"; };
		8074BDC96A645858A6564660 /* Pods_FirstCupOfCocoa.framework */ = {isa = PBXFileReference; explicitFileType = wrapper.framework; includeInIndex = 0; path = Pods_FirstCupOfCocoa.framework; sourceTree = BUILT_PRODUCTS_DIR; };
/* End PBXFileReference section */

/* Begin PBXFrameworksBuildPhase section */
		1859794B26374D1A00BE2AE6 /* Frameworks */ = {
			isa = PBXFrameworksBuildPhase;
			buildActionMask = 2147483647;
			files = (
				339FB5CC319AAA4E50D02F4E /* Pods_FirstCupOfCocoa.framework in Frameworks */,
			);
			runOnlyForDeploymentPostprocessing = 0;
		};
/* End PBXFrameworksBuildPhase section */

/* Begin PBXGroup section */
		184C448626382AA100F6C4A6 /* Data managers */ = {
			isa = PBXGroup;
			children = (
				184C448726382AD100F6C4A6 /* Spring setups manager.swift */,
			);
			path = "Data managers";
			sourceTree = "<group>";
		};
		1859794526374D1A00BE2AE6 = {
			isa = PBXGroup;
			children = (
				1859795026374D1A00BE2AE6 /* FirstCupOfCocoa */,
				1859794F26374D1A00BE2AE6 /* Products */,
				C9063763BEF5A053287941E4 /* Pods */,
				5C8C20BB16EDE90F263D20D3 /* Frameworks */,
			);
			sourceTree = "<group>";
		};
		1859794F26374D1A00BE2AE6 /* Products */ = {
			isa = PBXGroup;
			children = (
				1859794E26374D1A00BE2AE6 /* FirstCupOfCocoa.app */,
			);
			name = Products;
			sourceTree = "<group>";
		};
		1859795026374D1A00BE2AE6 /* FirstCupOfCocoa */ = {
			isa = PBXGroup;
			children = (
				1859796E26375CA800BE2AE6 /* Viewcontrollers */,
				1859797226375CEA00BE2AE6 /* Models */,
				184C448626382AA100F6C4A6 /* Data managers */,
				1859796D26375C0900BE2AE6 /* Storyboards */,
				1859797126375CDA00BE2AE6 /* Resources */,
				1859797026375CC300BE2AE6 /* Support */,
			);
			path = FirstCupOfCocoa;
			sourceTree = "<group>";
		};
		1859796D26375C0900BE2AE6 /* Storyboards */ = {
			isa = PBXGroup;
			children = (
				1859795726374D1A00BE2AE6 /* Main.storyboard */,
				1859795C26374D1B00BE2AE6 /* LaunchScreen.storyboard */,
			);
			path = Storyboards;
			sourceTree = "<group>";
		};
		1859796E26375CA800BE2AE6 /* Viewcontrollers */ = {
			isa = PBXGroup;
			children = (
				1859795526374D1A00BE2AE6 /* MainViewController.swift */,
			);
			path = Viewcontrollers;
			sourceTree = "<group>";
		};
		1859797026375CC300BE2AE6 /* Support */ = {
			isa = PBXGroup;
			children = (
				1859795326374D1A00BE2AE6 /* SceneDelegate.swift */,
				1859795126374D1A00BE2AE6 /* AppDelegate.swift */,
				1859795F26374D1B00BE2AE6 /* Info.plist */,
			);
			path = Support;
			sourceTree = "<group>";
		};
		1859797126375CDA00BE2AE6 /* Resources */ = {
			isa = PBXGroup;
			children = (
				1859795A26374D1B00BE2AE6 /* Assets.xcassets */,
			);
			path = Resources;
			sourceTree = "<group>";
		};
		1859797226375CEA00BE2AE6 /* Models */ = {
			isa = PBXGroup;
			children = (
				18597977263768BC00BE2AE6 /* ViewSetups.swift */,
			);
			path = Models;
			sourceTree = "<group>";
		};
		5C8C20BB16EDE90F263D20D3 /* Frameworks */ = {
			isa = PBXGroup;
			children = (
				8074BDC96A645858A6564660 /* Pods_FirstCupOfCocoa.framework */,
			);
			name = Frameworks;
			sourceTree = "<group>";
		};
		C9063763BEF5A053287941E4 /* Pods */ = {
			isa = PBXGroup;
			children = (
				33C25AFC68AC61EA03B2EE45 /* Pods-FirstCupOfCocoa.debug.xcconfig */,
				2A4A64C84EE5ED0759C55119 /* Pods-FirstCupOfCocoa.release.xcconfig */,
			);
			path = Pods;
			sourceTree = "<group>";
		};
/* End PBXGroup section */

/* Begin PBXNativeTarget section */
		1859794D26374D1A00BE2AE6 /* FirstCupOfCocoa */ = {
			isa = PBXNativeTarget;
			buildConfigurationList = 1859796226374D1B00BE2AE6 /* Build configuration list for PBXNativeTarget "FirstCupOfCocoa" */;
			buildPhases = (
				B5EED535F67519EB1FE9E008 /* [CP] Check Pods Manifest.lock */,
				1859794A26374D1A00BE2AE6 /* Sources */,
				1859794B26374D1A00BE2AE6 /* Frameworks */,
				1859794C26374D1A00BE2AE6 /* Resources */,
				D85F71F164BCC689945CC679 /* [CP] Embed Pods Frameworks */,
			);
			buildRules = (
			);
			dependencies = (
			);
			name = FirstCupOfCocoa;
			productName = FirstCupOfCocoa;
			productReference = 1859794E26374D1A00BE2AE6 /* FirstCupOfCocoa.app */;
			productType = "com.apple.product-type.application";
		};
/* End PBXNativeTarget section */

/* Begin PBXProject section */
		1859794626374D1A00BE2AE6 /* Project object */ = {
			isa = PBXProject;
			attributes = {
				LastSwiftUpdateCheck = 1240;
				LastUpgradeCheck = 1240;
				TargetAttributes = {
					1859794D26374D1A00BE2AE6 = {
						CreatedOnToolsVersion = 12.4;
					};
				};
			};
			buildConfigurationList = 1859794926374D1A00BE2AE6 /* Build configuration list for PBXProject "FirstCupOfCocoa" */;
			compatibilityVersion = "Xcode 9.3";
			developmentRegion = en;
			hasScannedForEncodings = 0;
			knownRegions = (
				en,
				Base,
			);
			mainGroup = 1859794526374D1A00BE2AE6;
			productRefGroup = 1859794F26374D1A00BE2AE6 /* Products */;
			projectDirPath = "";
			projectRoot = "";
			targets = (
				1859794D26374D1A00BE2AE6 /* FirstCupOfCocoa */,
			);
		};
/* End PBXProject section */

/* Begin PBXResourcesBuildPhase section */
		1859794C26374D1A00BE2AE6 /* Resources */ = {
			isa = PBXResourcesBuildPhase;
			buildActionMask = 2147483647;
			files = (
				1859795E26374D1B00BE2AE6 /* LaunchScreen.storyboard in Resources */,
				1859795B26374D1B00BE2AE6 /* Assets.xcassets in Resources */,
				1859795926374D1A00BE2AE6 /* Main.storyboard in Resources */,
			);
			runOnlyForDeploymentPostprocessing = 0;
		};
/* End PBXResourcesBuildPhase section */

/* Begin PBXShellScriptBuildPhase section */
		B5EED535F67519EB1FE9E008 /* [CP] Check Pods Manifest.lock */ = {
			isa = PBXShellScriptBuildPhase;
			buildActionMask = 2147483647;
			files = (
			);
			inputFileListPaths = (
			);
			inputPaths = (
				"${PODS_PODFILE_DIR_PATH}/Podfile.lock",
				"${PODS_ROOT}/Manifest.lock",
			);
			name = "[CP] Check Pods Manifest.lock";
			outputFileListPaths = (
			);
			outputPaths = (
				"$(DERIVED_FILE_DIR)/Pods-FirstCupOfCocoa-checkManifestLockResult.txt",
			);
			runOnlyForDeploymentPostprocessing = 0;
			shellPath = /bin/sh;
			shellScript = "diff \"${PODS_PODFILE_DIR_PATH}/Podfile.lock\" \"${PODS_ROOT}/Manifest.lock\" > /dev/null\nif [ $? != 0 ] ; then\n    # print error to STDERR\n    echo \"error: The sandbox is not in sync with the Podfile.lock. Run 'pod install' or update your CocoaPods installation.\" >&2\n    exit 1\nfi\n# This output is used by Xcode 'outputs' to avoid re-running this script phase.\necho \"SUCCESS\" > \"${SCRIPT_OUTPUT_FILE_0}\"\n";
			showEnvVarsInLog = 0;
		};
		D85F71F164BCC689945CC679 /* [CP] Embed Pods Frameworks */ = {
			isa = PBXShellScriptBuildPhase;
			buildActionMask = 2147483647;
			files = (
			);
			inputFileListPaths = (
				"${PODS_ROOT}/Target Support Files/Pods-FirstCupOfCocoa/Pods-FirstCupOfCocoa-frameworks-${CONFIGURATION}-input-files.xcfilelist",
			);
			name = "[CP] Embed Pods Frameworks";
			outputFileListPaths = (
				"${PODS_ROOT}/Target Support Files/Pods-FirstCupOfCocoa/Pods-FirstCupOfCocoa-frameworks-${CONFIGURATION}-output-files.xcfilelist",
			);
			runOnlyForDeploymentPostprocessing = 0;
			shellPath = /bin/sh;
			shellScript = "\"${PODS_ROOT}/Target Support Files/Pods-FirstCupOfCocoa/Pods-FirstCupOfCocoa-frameworks.sh\"\n";
			showEnvVarsInLog = 0;
		};
/* End PBXShellScriptBuildPhase section */

/* Begin PBXSourcesBuildPhase section */
		1859794A26374D1A00BE2AE6 /* Sources */ = {
			isa = PBXSourcesBuildPhase;
			buildActionMask = 2147483647;
			files = (
				1859795626374D1A00BE2AE6 /* MainViewController.swift in Sources */,
				184C448826382AD100F6C4A6 /* Spring setups manager.swift in Sources */,
				1859795226374D1A00BE2AE6 /* AppDelegate.swift in Sources */,
				18597978263768BC00BE2AE6 /* ViewSetups.swift in Sources */,
				1859795426374D1A00BE2AE6 /* SceneDelegate.swift in Sources */,
			);
			runOnlyForDeploymentPostprocessing = 0;
		};
/* End PBXSourcesBuildPhase section */

/* Begin PBXVariantGroup section */
		1859795726374D1A00BE2AE6 /* Main.storyboard */ = {
			isa = PBXVariantGroup;
			children = (
				1859795826374D1A00BE2AE6 /* Base */,
			);
			name = Main.storyboard;
			sourceTree = "<group>";
		};
		1859795C26374D1B00BE2AE6 /* LaunchScreen.storyboard */ = {
			isa = PBXVariantGroup;
			children = (
				1859795D26374D1B00BE2AE6 /* Base */,
			);
			name = LaunchScreen.storyboard;
			sourceTree = "<group>";
		};
/* End PBXVariantGroup section */

/* Begin XCBuildConfiguration section */
		1859796026374D1B00BE2AE6 /* Debug */ = {
			isa = XCBuildConfiguration;
			buildSettings = {
				ALWAYS_SEARCH_USER_PATHS = NO;
				CLANG_ANALYZER_NONNULL = YES;
				CLANG_ANALYZER_NUMBER_OBJECT_CONVERSION = YES_AGGRESSIVE;
				CLANG_CXX_LANGUAGE_STANDARD = "gnu++14";
				CLANG_CXX_LIBRARY = "libc++";
				CLANG_ENABLE_MODULES = YES;
				CLANG_ENABLE_OBJC_ARC = YES;
				CLANG_ENABLE_OBJC_WEAK = YES;
				CLANG_WARN_BLOCK_CAPTURE_AUTORELEASING = YES;
				CLANG_WARN_BOOL_CONVERSION = YES;
				CLANG_WARN_COMMA = YES;
				CLANG_WARN_CONSTANT_CONVERSION = YES;
				CLANG_WARN_DEPRECATED_OBJC_IMPLEMENTATIONS = YES;
				CLANG_WARN_DIRECT_OBJC_ISA_USAGE = YES_ERROR;
				CLANG_WARN_DOCUMENTATION_COMMENTS = YES;
				CLANG_WARN_EMPTY_BODY = YES;
				CLANG_WARN_ENUM_CONVERSION = YES;
				CLANG_WARN_INFINITE_RECURSION = YES;
				CLANG_WARN_INT_CONVERSION = YES;
				CLANG_WARN_NON_LITERAL_NULL_CONVERSION = YES;
				CLANG_WARN_OBJC_IMPLICIT_RETAIN_SELF = YES;
				CLANG_WARN_OBJC_LITERAL_CONVERSION = YES;
				CLANG_WARN_OBJC_ROOT_CLASS = YES_ERROR;
				CLANG_WARN_QUOTED_INCLUDE_IN_FRAMEWORK_HEADER = YES;
				CLANG_WARN_RANGE_LOOP_ANALYSIS = YES;
				CLANG_WARN_STRICT_PROTOTYPES = YES;
				CLANG_WARN_SUSPICIOUS_MOVE = YES;
				CLANG_WARN_UNGUARDED_AVAILABILITY = YES_AGGRESSIVE;
				CLANG_WARN_UNREACHABLE_CODE = YES;
				CLANG_WARN__DUPLICATE_METHOD_MATCH = YES;
				COPY_PHASE_STRIP = NO;
				DEBUG_INFORMATION_FORMAT = dwarf;
				ENABLE_STRICT_OBJC_MSGSEND = YES;
				ENABLE_TESTABILITY = YES;
				GCC_C_LANGUAGE_STANDARD = gnu11;
				GCC_DYNAMIC_NO_PIC = NO;
				GCC_NO_COMMON_BLOCKS = YES;
				GCC_OPTIMIZATION_LEVEL = 0;
				GCC_PREPROCESSOR_DEFINITIONS = (
					"DEBUG=1",
					"$(inherited)",
				);
				GCC_WARN_64_TO_32_BIT_CONVERSION = YES;
				GCC_WARN_ABOUT_RETURN_TYPE = YES_ERROR;
				GCC_WARN_UNDECLARED_SELECTOR = YES;
				GCC_WARN_UNINITIALIZED_AUTOS = YES_AGGRESSIVE;
				GCC_WARN_UNUSED_FUNCTION = YES;
				GCC_WARN_UNUSED_VARIABLE = YES;
				IPHONEOS_DEPLOYMENT_TARGET = 14.5;
				MTL_ENABLE_DEBUG_INFO = INCLUDE_SOURCE;
				MTL_FAST_MATH = YES;
				ONLY_ACTIVE_ARCH = YES;
				SDKROOT = iphoneos;
				SWIFT_ACTIVE_COMPILATION_CONDITIONS = DEBUG;
				SWIFT_OPTIMIZATION_LEVEL = "-Onone";
			};
			name = Debug;
		};
		1859796126374D1B00BE2AE6 /* Release */ = {
			isa = XCBuildConfiguration;
			buildSettings = {
				ALWAYS_SEARCH_USER_PATHS = NO;
				CLANG_ANALYZER_NONNULL = YES;
				CLANG_ANALYZER_NUMBER_OBJECT_CONVERSION = YES_AGGRESSIVE;
				CLANG_CXX_LANGUAGE_STANDARD = "gnu++14";
				CLANG_CXX_LIBRARY = "libc++";
				CLANG_ENABLE_MODULES = YES;
				CLANG_ENABLE_OBJC_ARC = YES;
				CLANG_ENABLE_OBJC_WEAK = YES;
				CLANG_WARN_BLOCK_CAPTURE_AUTORELEASING = YES;
				CLANG_WARN_BOOL_CONVERSION = YES;
				CLANG_WARN_COMMA = YES;
				CLANG_WARN_CONSTANT_CONVERSION = YES;
				CLANG_WARN_DEPRECATED_OBJC_IMPLEMENTATIONS = YES;
				CLANG_WARN_DIRECT_OBJC_ISA_USAGE = YES_ERROR;
				CLANG_WARN_DOCUMENTATION_COMMENTS = YES;
				CLANG_WARN_EMPTY_BODY = YES;
				CLANG_WARN_ENUM_CONVERSION = YES;
				CLANG_WARN_INFINITE_RECURSION = YES;
				CLANG_WARN_INT_CONVERSION = YES;
				CLANG_WARN_NON_LITERAL_NULL_CONVERSION = YES;
				CLANG_WARN_OBJC_IMPLICIT_RETAIN_SELF = YES;
				CLANG_WARN_OBJC_LITERAL_CONVERSION = YES;
				CLANG_WARN_OBJC_ROOT_CLASS = YES_ERROR;
				CLANG_WARN_QUOTED_INCLUDE_IN_FRAMEWORK_HEADER = YES;
				CLANG_WARN_RANGE_LOOP_ANALYSIS = YES;
				CLANG_WARN_STRICT_PROTOTYPES = YES;
				CLANG_WARN_SUSPICIOUS_MOVE = YES;
				CLANG_WARN_UNGUARDED_AVAILABILITY = YES_AGGRESSIVE;
				CLANG_WARN_UNREACHABLE_CODE = YES;
				CLANG_WARN__DUPLICATE_METHOD_MATCH = YES;
				COPY_PHASE_STRIP = NO;
				DEBUG_INFORMATION_FORMAT = "dwarf-with-dsym";
				ENABLE_NS_ASSERTIONS = NO;
				ENABLE_STRICT_OBJC_MSGSEND = YES;
				GCC_C_LANGUAGE_STANDARD = gnu11;
				GCC_NO_COMMON_BLOCKS = YES;
				GCC_WARN_64_TO_32_BIT_CONVERSION = YES;
				GCC_WARN_ABOUT_RETURN_TYPE = YES_ERROR;
				GCC_WARN_UNDECLARED_SELECTOR = YES;
				GCC_WARN_UNINITIALIZED_AUTOS = YES_AGGRESSIVE;
				GCC_WARN_UNUSED_FUNCTION = YES;
				GCC_WARN_UNUSED_VARIABLE = YES;
				IPHONEOS_DEPLOYMENT_TARGET = 14.5;
				MTL_ENABLE_DEBUG_INFO = NO;
				MTL_FAST_MATH = YES;
				SDKROOT = iphoneos;
				SWIFT_COMPILATION_MODE = wholemodule;
				SWIFT_OPTIMIZATION_LEVEL = "-O";
				VALIDATE_PRODUCT = YES;
			};
			name = Release;
		};
		1859796326374D1B00BE2AE6 /* Debug */ = {
			isa = XCBuildConfiguration;
			baseConfigurationReference = 33C25AFC68AC61EA03B2EE45 /* Pods-FirstCupOfCocoa.debug.xcconfig */;
			buildSettings = {
				ASSETCATALOG_COMPILER_APPICON_NAME = AppIcon;
				ASSETCATALOG_COMPILER_GLOBAL_ACCENT_COLOR_NAME = AccentColor;
				CODE_SIGN_STYLE = Automatic;
				DEVELOPMENT_TEAM = FC33F5QU8X;
				INFOPLIST_FILE = FirstCupOfCocoa/Support/Info.plist;
				LD_RUNPATH_SEARCH_PATHS = (
					"$(inherited)",
					"@executable_path/Frameworks",
				);
				PRODUCT_BUNDLE_IDENTIFIER = TestovStanislav.FirstCupOfCocoa;
				PRODUCT_NAME = "$(TARGET_NAME)";
				SWIFT_VERSION = 5.0;
				TARGETED_DEVICE_FAMILY = "1,2";
			};
			name = Debug;
		};
		1859796426374D1B00BE2AE6 /* Release */ = {
			isa = XCBuildConfiguration;
			baseConfigurationReference = 2A4A64C84EE5ED0759C55119 /* Pods-FirstCupOfCocoa.release.xcconfig */;
			buildSettings = {
				ASSETCATALOG_COMPILER_APPICON_NAME = AppIcon;
				ASSETCATALOG_COMPILER_GLOBAL_ACCENT_COLOR_NAME = AccentColor;
				CODE_SIGN_STYLE = Automatic;
				DEVELOPMENT_TEAM = FC33F5QU8X;
				INFOPLIST_FILE = FirstCupOfCocoa/Support/Info.plist;
				LD_RUNPATH_SEARCH_PATHS = (
					"$(inherited)",
					"@executable_path/Frameworks",
				);
				PRODUCT_BUNDLE_IDENTIFIER = TestovStanislav.FirstCupOfCocoa;
				PRODUCT_NAME = "$(TARGET_NAME)";
				SWIFT_VERSION = 5.0;
				TARGETED_DEVICE_FAMILY = "1,2";
			};
			name = Release;
		};
/* End XCBuildConfiguration section */

/* Begin XCConfigurationList section */
		1859794926374D1A00BE2AE6 /* Build configuration list for PBXProject "FirstCupOfCocoa" */ = {
			isa = XCConfigurationList;
			buildConfigurations = (
				1859796026374D1B00BE2AE6 /* Debug */,
				1859796126374D1B00BE2AE6 /* Release */,
			);
			defaultConfigurationIsVisible = 0;
			defaultConfigurationName = Release;
		};
		1859796226374D1B00BE2AE6 /* Build configuration list for PBXNativeTarget "FirstCupOfCocoa" */ = {
			isa = XCConfigurationList;
			buildConfigurations = (
				1859796326374D1B00BE2AE6 /* Debug */,
				1859796426374D1B00BE2AE6 /* Release */,
			);
			defaultConfigurationIsVisible = 0;
			defaultConfigurationName = Release;
		};
/* End XCConfigurationList section */
	};
	rootObject = 1859794626374D1A00BE2AE6 /* Project object */;
}
